PODS:
  - MockingbirdFramework (0.16.0)
  - MyLib (0.1.0)
  - Nimble (9.2.0)
  - Quick (4.0.0)

DEPENDENCIES:
  - MockingbirdFramework
  - MyLib (from `../`)
  - Nimble
  - Quick

SPEC REPOS:
  trunk:
    - MockingbirdFramework
    - Nimble
    - Quick

EXTERNAL SOURCES:
  MyLib:
    :path: "../"

SPEC CHECKSUMS:
  MockingbirdFramework: d1c649854c0a4ae5b115f860d75513b6438489a2
  MyLib: 3c07403a7238e3392fe13ef47f4b974217aa2683
  Nimble: 4f4a345c80b503b3ea13606a4f98405974ee4d0b
  Quick: 6473349e43b9271a8d43839d9ba1c442ed1b7ac4

PODFILE CHECKSUM: 6acb2f360e484f3936142ac353bd8ac269bd6eb5

COCOAPODS: 1.10.1
