{"projectHash":"77a6caa6e002c02a284376cddd711e85785bf87f","productModuleName":"MyLib_Tests","mockedTypeNames":["\/Users\/roman\/Documents\/GitHub\/cocoapod-mock\/Example\/Tests\/Tests.swift",["Provider"]],"cliVersion":"0.16.0","configHash":"8209390b459531d8c53f3c6700ee7fbb759f8361","sourceRoot":"\/Users\/roman\/Documents\/GitHub\/cocoapod-mock\/Example","sourceFilePaths":[{"path":"\/Users\/roman\/Documents\/GitHub\/cocoapod-mock\/Example\/Tests\/Tests.swift","hash":"47fafdc2997981f7b8aa9ce65c34d1cd517e6e21"},{"path":"\/Users\/roman\/Documents\/GitHub\/cocoapod-mock\/Example\/cocoapod-mock\/MockingbirdMocks\/MyLibMocks.generated.swift","hash":"224363a9a81fe1e987ae63f68914db6cfea959e7"}],"dependencies":[],"name":"MyLib_Tests"}